{
  "lockfileVersion": 1,
  "workspaces": {
    "": {
      "name": "agent",
      "dependencies": {
        "gramio": "0.4.10",
        "koffi": "2.14.0",
      },
      "devDependencies": {
        "bun-types": "1.2.21",
      },
    },
  },
  "packages": {
    "@gramio/callback-data": ["@gramio/callback-data@0.0.3", "", {}, "sha512-fL+fo3c58dIE6cl2yEoG9E4Y+mT+zvpw7PXImcATFVdRcK4mnuDzzxyOOibopzjKNszlHQZXYJer515kBr81RQ=="],

    "@gramio/contexts": ["@gramio/contexts@0.3.0", "", { "peerDependencies": { "@gramio/types": "^9.1.1", "inspectable": "^3.0.1" } }, "sha512-ihqQWVpiQgI9dA1HR9IInCOLSBfqUaF4y/1l909T2zw+s/YTQaApn3YqArgtbI00CLVmgpeyZ9tVPvO3X6PeGw=="],

    "@gramio/files": ["@gramio/files@0.3.0", "", { "dependencies": { "@gramio/types": "^9.0.0" } }, "sha512-ZdrwRm57xxWzQ+KxGB5V2aC6raZ9B0yZavkPhd0JzKFUkKS1jbeG3W35qQxdlZZLtD9aeZbjwRAHk4VrRDbpqA=="],

    "@gramio/format": ["@gramio/format@0.3.3", "", { "dependencies": { "@gramio/types": "^9.1.3" }, "peerDependencies": { "marked": "^15.0.11" }, "optionalPeers": ["marked"] }, "sha512-92nqfr0X1jRsXoRdaSu6PS0b8jV5kgMobdj3F+7pHjV/dVn/H76h55+F3lYy44jLhjqQJwpRGwzVSL/+SvSEgA=="],

    "@gramio/keyboards": ["@gramio/keyboards@1.2.1", "", { "dependencies": { "@gramio/types": "^9.0.1" } }, "sha512-HqCJl9HmLTvckA2fMRc+mC258vBr2zKfMqvFEGEgaeauIIP4n8TTT9GU4YCqVFTGTzGA5I6gnfk87dGZuSP6vA=="],

    "@gramio/types": ["@gramio/types@9.2.2", "", {}, "sha512-su/A2Z7oyKr6sLc6UbN4asvYbUqisoWqyqbkyqgb5HW9cFpUTQKtUP5tKuZdar9oOI3e4L+rows4cvNzczT+IA=="],

    "@types/node": ["@types/node@24.3.0", "", { "dependencies": { "undici-types": "~7.10.0" } }, "sha512-aPTXCrfwnDLj4VvXrm+UUCQjNEvJgNA8s5F1cvwQU+3KNltTOkBm1j30uNLyqqPNe7gE3KFzImYoZEfLhp4Yow=="],

    "@types/react": ["@types/react@19.1.12", "", { "dependencies": { "csstype": "^3.0.2" } }, "sha512-cMoR+FoAf/Jyq6+Df2/Z41jISvGZZ2eTlnsaJRptmZ76Caldwy1odD4xTr/gNV9VLj0AWgg/nmkevIyUfIIq5w=="],

    "bun-types": ["bun-types@1.2.21", "", { "dependencies": { "@types/node": "*" }, "peerDependencies": { "@types/react": "^19" } }, "sha512-sa2Tj77Ijc/NTLS0/Odjq/qngmEPZfbfnOERi0KRUYhT9R8M4VBioWVmMWE5GrYbKMc+5lVybXygLdibHaqVqw=="],

    "csstype": ["csstype@3.1.3", "", {}, "sha512-M1uQkMl8rQK/szD0LNhtqxIPLpimGm8sOBwU7lLnCpSbTyY3yeU1Vc7l4KT5zT4s/yOxHH5O7tIuuLOCnLADRw=="],

    "debug": ["debug@4.4.1", "", { "dependencies": { "ms": "^2.1.3" } }, "sha512-KcKCqiftBJcZr++7ykoDIEwSa3XWowTfNPo92BYxjXiyYEVrUQh2aLyhxBCwww+heortUFxEJYcRzosstTEBYQ=="],

    "gramio": ["gramio@0.4.10", "", { "dependencies": { "@gramio/callback-data": "^0.0.3", "@gramio/contexts": "^0.3.0", "@gramio/files": "^0.3.0", "@gramio/format": "^0.3.3", "@gramio/keyboards": "^1.2.1", "@gramio/types": "^9.1.3", "debug": "^4.4.1", "middleware-io": "^2.8.1" } }, "sha512-qVzlgWVoB64XiDBj+A8p0oDykTJf6jsLB41er03otqFuM2riSmGXKEtTzw9CvOp04bKrn86cVnjAX5ByZCNezg=="],

    "inspectable": ["inspectable@3.0.2", "", {}, "sha512-XHygPjNXXe1TWQLlVdCYLejUklsGGo+XWS3Cn/RlkvnhkbZqcQxoXPrSh7Via5aATYJUMWVnrD5CbW2c+BtKMA=="],

    "koffi": ["koffi@2.14.0", "", {}, "sha512-/ihgdvoeSSaX9S6nVNaZ/uPdYrpN0rIx15kgqzVdu6JPxo9jhc6Lh+dmxpURrEi8MAZcJqRLP1FFsmIF4uTZbg=="],

    "middleware-io": ["middleware-io@2.8.1", "", {}, "sha512-H0XftkexHKxxQsoCsItMzM7WU3S/rIFzL3T4guU8tWLKr7e5cVkdaZ+JQeeL+TB3OaHpqFi/ozYqQl69z2X6bg=="],

    "ms": ["ms@2.1.3", "", {}, "sha512-6FlzubTLZG3J2a/NVCAleEhjzq5oxgHyaCU9yYXvcLsvoVaHJq/s5xXI6/XXP6tz7R9xAOtHnSO/tXtF3WRTlA=="],

    "undici-types": ["undici-types@7.10.0", "", {}, "sha512-t5Fy/nfn+14LuOc2KNYg75vZqClpAiqscVvMygNnlsHBFpSXdJaYtXMcdNLpl/Qvc3P2cB3s6lOV51nqsFq4ag=="],
  }
}
